
Microsoft Visual Studio Solution File, Format Version 12.00
# Visual Studio Version 17
VisualStudioVersion = 17.9.34723.18
MinimumVisualStudioVersion = 10.0.40219.1
Project("{FAE04EC0-301F-11D3-BF4B-00C04F79EFBC}") = "PryElgueta_IEFI", "PryElgueta_IEFI\PryElgueta_IEFI.csproj", "{FBA62630-9A46-4605-913B-EC40C496A1FB}"
EndProject
Global
	GlobalSection(SolutionConfigurationPlatforms) = preSolution
		Debug|Any CPU = Debug|Any CPU
		Release|Any CPU = Release|Any CPU
	EndGlobalSection
	GlobalSection(ProjectConfigurationPlatforms) = postSolution
		{FBA62630-9A46-4605-913B-EC40C496A1FB}.Debug|Any CPU.ActiveCfg = Debug|Any CPU
		{FBA62630-9A46-4605-913B-EC40C496A1FB}.Debug|Any CPU.Build.0 = Debug|Any CPU
		{FBA62630-9A46-4605-913B-EC40C496A1FB}.Release|Any CPU.ActiveCfg = Release|Any CPU
		{FBA62630-9A46-4605-913B-EC40C496A1FB}.Release|Any CPU.Build.0 = Release|Any CPU
	EndGlobalSection
	GlobalSection(SolutionProperties) = preSolution
		HideSolutionNode = FALSE
	EndGlobalSection
	GlobalSection(ExtensibilityGlobals) = postSolution
		SolutionGuid = {B2F5FC8B-F950-4402-8A17-BF523758DBC5}
	EndGlobalSection
EndGlobal
